github.com/TosmimForidMehtab/torge v0.1.0 h1:RdIRHOmnWo/H4CrhgwRS0hfjoi5RtuyigLDE6lrNFBQ=
github.com/TosmimForidMehtab/torge v0.1.0/go.mod h1:siX/WW6KAghsEdjPWEjQiw61TIR5b/SwCdYeFneIlxM=
github.com/golang-jwt/jwt/v5 v5.3.1 h1:kYf81DTWFe7t+1VvL7eS+jKFVWaUnK9cB1qbwn63YCY=
github.com/golang-jwt/jwt/v5 v5.3.1/go.mod h1:fxCRLWMO43lRc8nhHWY6LGqRcf+1gQWArsqaEUEa5bE=
